
Microsoft Visual Studio Solution File, Format Version 12.00
# Visual Studio 15
VisualStudioVersion = 15.0.33026.149
MinimumVisualStudioVersion = 10.0.40219.1
Project("{FAE04EC0-301F-11D3-BF4B-00C04F79EFBC}") = "DaDataDLL", "DaDataDLL\DaDataDLL.csproj", "{63652170-10B4-4A6E-85D5-AEC5F922B25B}"
EndProject
Project("{FAE04EC0-301F-11D3-BF4B-00C04F79EFBC}") = "ConsoleDaData", "..\ConsoleDaData\ConsoleDaData\ConsoleDaData.csproj", "{ED2095C3-9654-49F1-B904-A5A483117D59}"
EndProject
Global
	GlobalSection(SolutionConfigurationPlatforms) = preSolution
		Debug|Any CPU = Debug|Any CPU
		Release|Any CPU = Release|Any CPU
	EndGlobalSection
	GlobalSection(ProjectConfigurationPlatforms) = postSolution
		{63652170-10B4-4A6E-85D5-AEC5F922B25B}.Debug|Any CPU.ActiveCfg = Debug|Any CPU
		{63652170-10B4-4A6E-85D5-AEC5F922B25B}.Debug|Any CPU.Build.0 = Debug|Any CPU
		{63652170-10B4-4A6E-85D5-AEC5F922B25B}.Release|Any CPU.ActiveCfg = Release|Any CPU
		{63652170-10B4-4A6E-85D5-AEC5F922B25B}.Release|Any CPU.Build.0 = Release|Any CPU
		{ED2095C3-9654-49F1-B904-A5A483117D59}.Debug|Any CPU.ActiveCfg = Debug|Any CPU
		{ED2095C3-9654-49F1-B904-A5A483117D59}.Debug|Any CPU.Build.0 = Debug|Any CPU
		{ED2095C3-9654-49F1-B904-A5A483117D59}.Release|Any CPU.ActiveCfg = Release|Any CPU
		{ED2095C3-9654-49F1-B904-A5A483117D59}.Release|Any CPU.Build.0 = Release|Any CPU
	EndGlobalSection
	GlobalSection(SolutionProperties) = preSolution
		HideSolutionNode = FALSE
	EndGlobalSection
	GlobalSection(ExtensibilityGlobals) = postSolution
		SolutionGuid = {39ED3563-45B7-4E1D-976E-61676EC8E661}
	EndGlobalSection
EndGlobal
